// !$*UTF8*$!
{
	archiveVersion = 1;
	classes = {
	};
	objectVersion = 48;
	objects = {

/* Begin PBXBuildFile section */
		DA23CE4C1F74AFFA00B1563B /* SplayTree.c in Sources */ = {isa = PBXBuildFile; fileRef = DA23CE4A1F74AFFA00B1563B /* SplayTree.c */; };
		DA23CE4F1F74F25800B1563B /* RBTree.c in Sources */ = {isa = PBXBuildFile; fileRef = DA23CE4D1F74F25800B1563B /* RBTree.c */; };
		DA255CB11F69181800C2E250 /* SelectionSort.c in Sources */ = {isa = PBXBuildFile; fileRef = DA255CAF1F69181800C2E250 /* SelectionSort.c */; };
		DA255CB31F6919F900C2E250 /* BubbleSort.c in Sources */ = {isa = PBXBuildFile; fileRef = DA255CB21F6919F900C2E250 /* BubbleSort.c */; };
		DA255CB51F691C7000C2E250 /* HeapSort.c in Sources */ = {isa = PBXBuildFile; fileRef = DA255CB41F691C7000C2E250 /* HeapSort.c */; };
		DA255CB71F69290B00C2E250 /* MergeSort.c in Sources */ = {isa = PBXBuildFile; fileRef = DA255CB61F69290B00C2E250 /* MergeSort.c */; };
		DA282C8D1F616CBB001B08AF /* main.c in Sources */ = {isa = PBXBuildFile; fileRef = DA282C8C1F616CBB001B08AF /* main.c */; };
		DA282C971F616CD7001B08AF /* DoubleListNode.c in Sources */ = {isa = PBXBuildFile; fileRef = DA282C951F616CD7001B08AF /* DoubleListNode.c */; };
		DA282C981F616CD7001B08AF /* ListNode.c in Sources */ = {isa = PBXBuildFile; fileRef = DA282C961F616CD7001B08AF /* ListNode.c */; };
		DA282CA41F617388001B08AF /* Stack-ListNode.c in Sources */ = {isa = PBXBuildFile; fileRef = DA282CA21F617388001B08AF /* Stack-ListNode.c */; };
		DA282CAF1F61824A001B08AF /* Stack-Array.c in Sources */ = {isa = PBXBuildFile; fileRef = DA282CAD1F61824A001B08AF /* Stack-Array.c */; };
		DA282CB21F61877E001B08AF /* Queue-ListNode.c in Sources */ = {isa = PBXBuildFile; fileRef = DA282CB01F61877E001B08AF /* Queue-ListNode.c */; };
		DA282CB61F61910C001B08AF /* Queue-Array.c in Sources */ = {isa = PBXBuildFile; fileRef = DA282CB41F61910C001B08AF /* Queue-Array.c */; };
		DA44FC391F737EC800131218 /* Trie.c in Sources */ = {isa = PBXBuildFile; fileRef = DA44FC371F737EC800131218 /* Trie.c */; };
		DA44FC3D1F738F3300131218 /* Huffman.c in Sources */ = {isa = PBXBuildFile; fileRef = DA44FC3B1F738F3300131218 /* Huffman.c */; };
		DA58355A1F6A26F200F3B7FC /* QuickSort.c in Sources */ = {isa = PBXBuildFile; fileRef = DA5835591F6A26F200F3B7FC /* QuickSort.c */; };
		DA58355E1F6A2F0000F3B7FC /* SortUtil.c in Sources */ = {isa = PBXBuildFile; fileRef = DA58355C1F6A2F0000F3B7FC /* SortUtil.c */; };
		DA5835601F6A3F5200F3B7FC /* BucketSort.c in Sources */ = {isa = PBXBuildFile; fileRef = DA58355F1F6A3F5200F3B7FC /* BucketSort.c */; };
		DA59BC8F1F6910FD0009FB0D /* ShellSort.c in Sources */ = {isa = PBXBuildFile; fileRef = DA59BC8E1F6910FD0009FB0D /* ShellSort.c */; };
		DA7548881F63C396004DEFC5 /* SearchTree.c in Sources */ = {isa = PBXBuildFile; fileRef = DA7548861F63C396004DEFC5 /* SearchTree.c */; };
		DA75488C1F6407CF004DEFC5 /* AVLTree.c in Sources */ = {isa = PBXBuildFile; fileRef = DA75488A1F6407CF004DEFC5 /* AVLTree.c */; };
		DA75488F1F652EC2004DEFC5 /* HashTable-Link.c in Sources */ = {isa = PBXBuildFile; fileRef = DA75488D1F652EC2004DEFC5 /* HashTable-Link.c */; };
		DA7548931F6577EA004DEFC5 /* HashTable-Address.c in Sources */ = {isa = PBXBuildFile; fileRef = DA7548911F6577EA004DEFC5 /* HashTable-Address.c */; };
		DA9CA1011F690B8E0067C359 /* InsertionSort.c in Sources */ = {isa = PBXBuildFile; fileRef = DA9CA1001F690B8E0067C359 /* InsertionSort.c */; };
		DAA61E651F67DC2300431A3A /* BinaryHeap.c in Sources */ = {isa = PBXBuildFile; fileRef = DAA61E631F67DC2300431A3A /* BinaryHeap.c */; };
/* End PBXBuildFile section */

/* Begin PBXCopyFilesBuildPhase section */
		DA282C871F616CBB001B08AF /* CopyFiles */ = {
			isa = PBXCopyFilesBuildPhase;
			buildActionMask = 2147483647;
			dstPath = /usr/share/man/man1/;
			dstSubfolderSpec = 0;
			files = (
			);
			runOnlyForDeploymentPostprocessing = 1;
		};
/* End PBXCopyFilesBuildPhase section */

/* Begin PBXFileReference section */
		DA23CE4A1F74AFFA00B1563B /* SplayTree.c */ = {isa = PBXFileReference; lastKnownFileType = sourcecode.c.c; path = SplayTree.c; sourceTree = "<group>"; };
		DA23CE4B1F74AFFA00B1563B /* SplayTree.h */ = {isa = PBXFileReference; lastKnownFileType = sourcecode.c.h; path = SplayTree.h; sourceTree = "<group>"; };
		DA23CE4D1F74F25800B1563B /* RBTree.c */ = {isa = PBXFileReference; lastKnownFileType = sourcecode.c.c; path = RBTree.c; sourceTree = "<group>"; };
		DA23CE4E1F74F25800B1563B /* RBTree.h */ = {isa = PBXFileReference; lastKnownFileType = sourcecode.c.h; path = RBTree.h; sourceTree = "<group>"; };
		DA255CAF1F69181800C2E250 /* SelectionSort.c */ = {isa = PBXFileReference; lastKnownFileType = sourcecode.c.c; path = SelectionSort.c; sourceTree = "<group>"; };
		DA255CB21F6919F900C2E250 /* BubbleSort.c */ = {isa = PBXFileReference; lastKnownFileType = sourcecode.c.c; path = BubbleSort.c; sourceTree = "<group>"; };
		DA255CB41F691C7000C2E250 /* HeapSort.c */ = {isa = PBXFileReference; lastKnownFileType = sourcecode.c.c; path = HeapSort.c; sourceTree = "<group>"; };
		DA255CB61F69290B00C2E250 /* MergeSort.c */ = {isa = PBXFileReference; lastKnownFileType = sourcecode.c.c; path = MergeSort.c; sourceTree = "<group>"; };
		DA282C891F616CBB001B08AF /* Algorithm-Learn */ = {isa = PBXFileReference; explicitFileType = "compiled.mach-o.executable"; includeInIndex = 0; path = "Algorithm-Learn"; sourceTree = BUILT_PRODUCTS_DIR; };
		DA282C8C1F616CBB001B08AF /* main.c */ = {isa = PBXFileReference; lastKnownFileType = sourcecode.c.c; path = main.c; sourceTree = "<group>"; };
		DA282C951F616CD7001B08AF /* DoubleListNode.c */ = {isa = PBXFileReference; lastKnownFileType = sourcecode.c.c; path = DoubleListNode.c; sourceTree = "<group>"; };
		DA282C961F616CD7001B08AF /* ListNode.c */ = {isa = PBXFileReference; lastKnownFileType = sourcecode.c.c; path = ListNode.c; sourceTree = "<group>"; };
		DA282CA21F617388001B08AF /* Stack-ListNode.c */ = {isa = PBXFileReference; lastKnownFileType = sourcecode.c.c; path = "Stack-ListNode.c"; sourceTree = "<group>"; };
		DA282CA31F617388001B08AF /* Stack-ListNode.h */ = {isa = PBXFileReference; lastKnownFileType = sourcecode.c.h; path = "Stack-ListNode.h"; sourceTree = "<group>"; };
		DA282CA51F61787F001B08AF /* ListNode.h */ = {isa = PBXFileReference; lastKnownFileType = sourcecode.c.h; path = ListNode.h; sourceTree = "<group>"; };
		DA282CAC1F617C6B001B08AF /* DoubleListNode.h */ = {isa = PBXFileReference; lastKnownFileType = sourcecode.c.h; path = DoubleListNode.h; sourceTree = "<group>"; };
		DA282CAD1F61824A001B08AF /* Stack-Array.c */ = {isa = PBXFileReference; lastKnownFileType = sourcecode.c.c; path = "Stack-Array.c"; sourceTree = "<group>"; };
		DA282CAE1F61824A001B08AF /* Stack-Array.h */ = {isa = PBXFileReference; lastKnownFileType = sourcecode.c.h; path = "Stack-Array.h"; sourceTree = "<group>"; };
		DA282CB01F61877E001B08AF /* Queue-ListNode.c */ = {isa = PBXFileReference; lastKnownFileType = sourcecode.c.c; path = "Queue-ListNode.c"; sourceTree = "<group>"; };
		DA282CB11F61877E001B08AF /* Queue-ListNode.h */ = {isa = PBXFileReference; lastKnownFileType = sourcecode.c.h; path = "Queue-ListNode.h"; sourceTree = "<group>"; };
		DA282CB41F61910C001B08AF /* Queue-Array.c */ = {isa = PBXFileReference; lastKnownFileType = sourcecode.c.c; path = "Queue-Array.c"; sourceTree = "<group>"; };
		DA282CB51F61910C001B08AF /* Queue-Array.h */ = {isa = PBXFileReference; lastKnownFileType = sourcecode.c.h; path = "Queue-Array.h"; sourceTree = "<group>"; };
		DA44FC371F737EC800131218 /* Trie.c */ = {isa = PBXFileReference; lastKnownFileType = sourcecode.c.c; path = Trie.c; sourceTree = "<group>"; };
		DA44FC381F737EC800131218 /* Trie.h */ = {isa = PBXFileReference; lastKnownFileType = sourcecode.c.h; path = Trie.h; sourceTree = "<group>"; };
		DA44FC3B1F738F3300131218 /* Huffman.c */ = {isa = PBXFileReference; lastKnownFileType = sourcecode.c.c; path = Huffman.c; sourceTree = "<group>"; };
		DA44FC3C1F738F3300131218 /* Huffman.h */ = {isa = PBXFileReference; lastKnownFileType = sourcecode.c.h; path = Huffman.h; sourceTree = "<group>"; };
		DA5835591F6A26F200F3B7FC /* QuickSort.c */ = {isa = PBXFileReference; lastKnownFileType = sourcecode.c.c; path = QuickSort.c; sourceTree = "<group>"; };
		DA58355C1F6A2F0000F3B7FC /* SortUtil.c */ = {isa = PBXFileReference; lastKnownFileType = sourcecode.c.c; path = SortUtil.c; sourceTree = "<group>"; };
		DA58355D1F6A2F0000F3B7FC /* SortUtil.h */ = {isa = PBXFileReference; lastKnownFileType = sourcecode.c.h; path = SortUtil.h; sourceTree = "<group>"; };
		DA58355F1F6A3F5200F3B7FC /* BucketSort.c */ = {isa = PBXFileReference; lastKnownFileType = sourcecode.c.c; path = BucketSort.c; sourceTree = "<group>"; };
		DA59BC8E1F6910FD0009FB0D /* ShellSort.c */ = {isa = PBXFileReference; lastKnownFileType = sourcecode.c.c; path = ShellSort.c; sourceTree = "<group>"; };
		DA7548861F63C396004DEFC5 /* SearchTree.c */ = {isa = PBXFileReference; lastKnownFileType = sourcecode.c.c; name = SearchTree.c; path = "Algorithm-Learn/Tree/SearchTree.c"; sourceTree = SOURCE_ROOT; };
		DA7548871F63C396004DEFC5 /* SearchTree.h */ = {isa = PBXFileReference; lastKnownFileType = sourcecode.c.h; name = SearchTree.h; path = "Algorithm-Learn/Tree/SearchTree.h"; sourceTree = SOURCE_ROOT; };
		DA75488A1F6407CF004DEFC5 /* AVLTree.c */ = {isa = PBXFileReference; lastKnownFileType = sourcecode.c.c; path = AVLTree.c; sourceTree = "<group>"; };
		DA75488B1F6407CF004DEFC5 /* AVLTree.h */ = {isa = PBXFileReference; lastKnownFileType = sourcecode.c.h; path = AVLTree.h; sourceTree = "<group>"; };
		DA75488D1F652EC2004DEFC5 /* HashTable-Link.c */ = {isa = PBXFileReference; lastKnownFileType = sourcecode.c.c; name = "HashTable-Link.c"; path = "Algorithm-Learn/HashTable/HashTable-Link.c"; sourceTree = SOURCE_ROOT; };
		DA75488E1F652EC2004DEFC5 /* HashTable-Link.h */ = {isa = PBXFileReference; lastKnownFileType = sourcecode.c.h; name = "HashTable-Link.h"; path = "Algorithm-Learn/HashTable/HashTable-Link.h"; sourceTree = SOURCE_ROOT; };
		DA7548911F6577EA004DEFC5 /* HashTable-Address.c */ = {isa = PBXFileReference; lastKnownFileType = sourcecode.c.c; path = "HashTable-Address.c"; sourceTree = "<group>"; };
		DA7548921F6577EA004DEFC5 /* HashTable-Address.h */ = {isa = PBXFileReference; lastKnownFileType = sourcecode.c.h; path = "HashTable-Address.h"; sourceTree = "<group>"; };
		DA9CA1001F690B8E0067C359 /* InsertionSort.c */ = {isa = PBXFileReference; lastKnownFileType = sourcecode.c.c; name = InsertionSort.c; path = "Algorithm-Learn/Sort/InsertionSort.c"; sourceTree = SOURCE_ROOT; };
		DAA61E631F67DC2300431A3A /* BinaryHeap.c */ = {isa = PBXFileReference; lastKnownFileType = sourcecode.c.c; name = BinaryHeap.c; path = "Algorithm-Learn/Heap/BinaryHeap.c"; sourceTree = SOURCE_ROOT; };
		DAA61E641F67DC2300431A3A /* BinaryHeap.h */ = {isa = PBXFileReference; lastKnownFileType = sourcecode.c.h; name = BinaryHeap.h; path = "Algorithm-Learn/Heap/BinaryHeap.h"; sourceTree = SOURCE_ROOT; };
/* End PBXFileReference section */

/* Begin PBXFrameworksBuildPhase section */
		DA282C861F616CBB001B08AF /* Frameworks */ = {
			isa = PBXFrameworksBuildPhase;
			buildActionMask = 2147483647;
			files = (
			);
			runOnlyForDeploymentPostprocessing = 0;
		};
/* End PBXFrameworksBuildPhase section */

/* Begin PBXGroup section */
		DA282C801F616CBB001B08AF = {
			isa = PBXGroup;
			children = (
				DA282C8B1F616CBB001B08AF /* Algorithm-Learn */,
				DA282C8C1F616CBB001B08AF /* main.c */,
				DA282C8A1F616CBB001B08AF /* Products */,
			);
			sourceTree = "<group>";
		};
		DA282C8A1F616CBB001B08AF /* Products */ = {
			isa = PBXGroup;
			children = (
				DA282C891F616CBB001B08AF /* Algorithm-Learn */,
			);
			name = Products;
			sourceTree = "<group>";
		};
		DA282C8B1F616CBB001B08AF /* Algorithm-Learn */ = {
			isa = PBXGroup;
			children = (
				DA44FC3A1F738E4B00131218 /* String */,
				DA282CA11F616D5A001B08AF /* ListNode */,
				DA282C9E1F616D1F001B08AF /* Stack */,
				DA7548891F63C3A1004DEFC5 /* Tree */,
				DA282CB31F6190F1001B08AF /* Queue */,
				DA7548901F652EE9004DEFC5 /* HashTable */,
				DAA61E661F67DC2700431A3A /* Heap */,
				DA9CA1021F690B9E0067C359 /* Sort */,
			);
			path = "Algorithm-Learn";
			sourceTree = "<group>";
		};
		DA282C9E1F616D1F001B08AF /* Stack */ = {
			isa = PBXGroup;
			children = (
				DA282CA31F617388001B08AF /* Stack-ListNode.h */,
				DA282CA21F617388001B08AF /* Stack-ListNode.c */,
				DA282CAE1F61824A001B08AF /* Stack-Array.h */,
				DA282CAD1F61824A001B08AF /* Stack-Array.c */,
			);
			path = Stack;
			sourceTree = "<group>";
		};
		DA282CA11F616D5A001B08AF /* ListNode */ = {
			isa = PBXGroup;
			children = (
				DA282CA51F61787F001B08AF /* ListNode.h */,
				DA282C961F616CD7001B08AF /* ListNode.c */,
				DA282CAC1F617C6B001B08AF /* DoubleListNode.h */,
				DA282C951F616CD7001B08AF /* DoubleListNode.c */,
			);
			path = ListNode;
			sourceTree = "<group>";
		};
		DA282CB31F6190F1001B08AF /* Queue */ = {
			isa = PBXGroup;
			children = (
				DA282CB11F61877E001B08AF /* Queue-ListNode.h */,
				DA282CB01F61877E001B08AF /* Queue-ListNode.c */,
				DA282CB51F61910C001B08AF /* Queue-Array.h */,
				DA282CB41F61910C001B08AF /* Queue-Array.c */,
			);
			path = Queue;
			sourceTree = "<group>";
		};
		DA44FC3A1F738E4B00131218 /* String */ = {
			isa = PBXGroup;
			children = (
				DA44FC381F737EC800131218 /* Trie.h */,
				DA44FC371F737EC800131218 /* Trie.c */,
				DA44FC3C1F738F3300131218 /* Huffman.h */,
				DA44FC3B1F738F3300131218 /* Huffman.c */,
			);
			path = String;
			sourceTree = "<group>";
		};
		DA7548891F63C3A1004DEFC5 /* Tree */ = {
			isa = PBXGroup;
			children = (
				DA7548871F63C396004DEFC5 /* SearchTree.h */,
				DA7548861F63C396004DEFC5 /* SearchTree.c */,
				DA75488B1F6407CF004DEFC5 /* AVLTree.h */,
				DA75488A1F6407CF004DEFC5 /* AVLTree.c */,
				DA23CE4B1F74AFFA00B1563B /* SplayTree.h */,
				DA23CE4A1F74AFFA00B1563B /* SplayTree.c */,
				DA23CE4E1F74F25800B1563B /* RBTree.h */,
				DA23CE4D1F74F25800B1563B /* RBTree.c */,
			);
			path = Tree;
			sourceTree = "<group>";
		};
		DA7548901F652EE9004DEFC5 /* HashTable */ = {
			isa = PBXGroup;
			children = (
				DA75488E1F652EC2004DEFC5 /* HashTable-Link.h */,
				DA75488D1F652EC2004DEFC5 /* HashTable-Link.c */,
				DA7548921F6577EA004DEFC5 /* HashTable-Address.h */,
				DA7548911F6577EA004DEFC5 /* HashTable-Address.c */,
			);
			path = HashTable;
			sourceTree = "<group>";
		};
		DA9CA1021F690B9E0067C359 /* Sort */ = {
			isa = PBXGroup;
			children = (
				DA9CA1001F690B8E0067C359 /* InsertionSort.c */,
				DA59BC8E1F6910FD0009FB0D /* ShellSort.c */,
				DA255CAF1F69181800C2E250 /* SelectionSort.c */,
				DA255CB21F6919F900C2E250 /* BubbleSort.c */,
				DA255CB41F691C7000C2E250 /* HeapSort.c */,
				DA255CB61F69290B00C2E250 /* MergeSort.c */,
				DA5835591F6A26F200F3B7FC /* QuickSort.c */,
				DA58355F1F6A3F5200F3B7FC /* BucketSort.c */,
				DA58355D1F6A2F0000F3B7FC /* SortUtil.h */,
				DA58355C1F6A2F0000F3B7FC /* SortUtil.c */,
			);
			path = Sort;
			sourceTree = "<group>";
		};
		DAA61E661F67DC2700431A3A /* Heap */ = {
			isa = PBXGroup;
			children = (
				DAA61E641F67DC2300431A3A /* BinaryHeap.h */,
				DAA61E631F67DC2300431A3A /* BinaryHeap.c */,
			);
			path = Heap;
			sourceTree = "<group>";
		};
/* End PBXGroup section */

/* Begin PBXNativeTarget section */
		DA282C881F616CBB001B08AF /* Algorithm-Learn */ = {
			isa = PBXNativeTarget;
			buildConfigurationList = DA282C901F616CBB001B08AF /* Build configuration list for PBXNativeTarget "Algorithm-Learn" */;
			buildPhases = (
				DA282C851F616CBB001B08AF /* Sources */,
				DA282C861F616CBB001B08AF /* Frameworks */,
				DA282C871F616CBB001B08AF /* CopyFiles */,
			);
			buildRules = (
			);
			dependencies = (
			);
			name = "Algorithm-Learn";
			productName = "Algorithm-Learn";
			productReference = DA282C891F616CBB001B08AF /* Algorithm-Learn */;
			productType = "com.apple.product-type.tool";
		};
/* End PBXNativeTarget section */

/* Begin PBXProject section */
		DA282C811F616CBB001B08AF /* Project object */ = {
			isa = PBXProject;
			attributes = {
				LastUpgradeCheck = 0900;
				ORGANIZATIONNAME = Nemocdz;
				TargetAttributes = {
					DA282C881F616CBB001B08AF = {
						CreatedOnToolsVersion = 9.0;
						ProvisioningStyle = Automatic;
					};
				};
			};
			buildConfigurationList = DA282C841F616CBB001B08AF /* Build configuration list for PBXProject "Algorithm-Learn" */;
			compatibilityVersion = "Xcode 8.0";
			developmentRegion = en;
			hasScannedForEncodings = 0;
			knownRegions = (
				en,
			);
			mainGroup = DA282C801F616CBB001B08AF;
			productRefGroup = DA282C8A1F616CBB001B08AF /* Products */;
			projectDirPath = "";
			projectRoot = "";
			targets = (
				DA282C881F616CBB001B08AF /* Algorithm-Learn */,
			);
		};
/* End PBXProject section */

/* Begin PBXSourcesBuildPhase section */
		DA282C851F616CBB001B08AF /* Sources */ = {
			isa = PBXSourcesBuildPhase;
			buildActionMask = 2147483647;
			files = (
				DA75488F1F652EC2004DEFC5 /* HashTable-Link.c in Sources */,
				DA255CB31F6919F900C2E250 /* BubbleSort.c in Sources */,
				DA75488C1F6407CF004DEFC5 /* AVLTree.c in Sources */,
				DA282C971F616CD7001B08AF /* DoubleListNode.c in Sources */,
				DA282C8D1F616CBB001B08AF /* main.c in Sources */,
				DA23CE4C1F74AFFA00B1563B /* SplayTree.c in Sources */,
				DA59BC8F1F6910FD0009FB0D /* ShellSort.c in Sources */,
				DA255CB51F691C7000C2E250 /* HeapSort.c in Sources */,
				DA7548931F6577EA004DEFC5 /* HashTable-Address.c in Sources */,
				DA255CB11F69181800C2E250 /* SelectionSort.c in Sources */,
				DA58355A1F6A26F200F3B7FC /* QuickSort.c in Sources */,
				DA282CB61F61910C001B08AF /* Queue-Array.c in Sources */,
				DA44FC391F737EC800131218 /* Trie.c in Sources */,
				DA7548881F63C396004DEFC5 /* SearchTree.c in Sources */,
				DA282CA41F617388001B08AF /* Stack-ListNode.c in Sources */,
				DA58355E1F6A2F0000F3B7FC /* SortUtil.c in Sources */,
				DA255CB71F69290B00C2E250 /* MergeSort.c in Sources */,
				DAA61E651F67DC2300431A3A /* BinaryHeap.c in Sources */,
				DA282CB21F61877E001B08AF /* Queue-ListNode.c in Sources */,
				DA5835601F6A3F5200F3B7FC /* BucketSort.c in Sources */,
				DA23CE4F1F74F25800B1563B /* RBTree.c in Sources */,
				DA9CA1011F690B8E0067C359 /* InsertionSort.c in Sources */,
				DA282C981F616CD7001B08AF /* ListNode.c in Sources */,
				DA282CAF1F61824A001B08AF /* Stack-Array.c in Sources */,
				DA44FC3D1F738F3300131218 /* Huffman.c in Sources */,
			);
			runOnlyForDeploymentPostprocessing = 0;
		};
/* End PBXSourcesBuildPhase section */

/* Begin XCBuildConfiguration section */
		DA282C8E1F616CBB001B08AF /* Debug */ = {
			isa = XCBuildConfiguration;
			buildSettings = {
				ALWAYS_SEARCH_USER_PATHS = NO;
				CLANG_ANALYZER_NONNULL = YES;
				CLANG_ANALYZER_NUMBER_OBJECT_CONVERSION = YES_AGGRESSIVE;
				CLANG_CXX_LANGUAGE_STANDARD = "gnu++14";
				CLANG_CXX_LIBRARY = "libc++";
				CLANG_ENABLE_MODULES = YES;
				CLANG_ENABLE_OBJC_ARC = YES;
				CLANG_WARN_BLOCK_CAPTURE_AUTORELEASING = YES;
				CLANG_WARN_BOOL_CONVERSION = YES;
				CLANG_WARN_COMMA = YES;
				CLANG_WARN_CONSTANT_CONVERSION = YES;
				CLANG_WARN_DIRECT_OBJC_ISA_USAGE = YES_ERROR;
				CLANG_WARN_DOCUMENTATION_COMMENTS = YES;
				CLANG_WARN_EMPTY_BODY = YES;
				CLANG_WARN_ENUM_CONVERSION = YES;
				CLANG_WARN_INFINITE_RECURSION = YES;
				CLANG_WARN_INT_CONVERSION = YES;
				CLANG_WARN_NON_LITERAL_NULL_CONVERSION = YES;
				CLANG_WARN_OBJC_LITERAL_CONVERSION = YES;
				CLANG_WARN_OBJC_ROOT_CLASS = YES_ERROR;
				CLANG_WARN_RANGE_LOOP_ANALYSIS = YES;
				CLANG_WARN_STRICT_PROTOTYPES = YES;
				CLANG_WARN_SUSPICIOUS_MOVE = YES;
				CLANG_WARN_UNGUARDED_AVAILABILITY = YES_AGGRESSIVE;
				CLANG_WARN_UNREACHABLE_CODE = YES;
				CLANG_WARN__DUPLICATE_METHOD_MATCH = YES;
				CODE_SIGN_IDENTITY = "-";
				COPY_PHASE_STRIP = NO;
				DEBUG_INFORMATION_FORMAT = dwarf;
				ENABLE_STRICT_OBJC_MSGSEND = YES;
				ENABLE_TESTABILITY = YES;
				GCC_C_LANGUAGE_STANDARD = gnu11;
				GCC_DYNAMIC_NO_PIC = NO;
				GCC_NO_COMMON_BLOCKS = YES;
				GCC_OPTIMIZATION_LEVEL = 0;
				GCC_PREPROCESSOR_DEFINITIONS = (
					"DEBUG=1",
					"$(inherited)",
				);
				GCC_WARN_64_TO_32_BIT_CONVERSION = YES;
				GCC_WARN_ABOUT_RETURN_TYPE = YES_ERROR;
				GCC_WARN_UNDECLARED_SELECTOR = YES;
				GCC_WARN_UNINITIALIZED_AUTOS = YES_AGGRESSIVE;
				GCC_WARN_UNUSED_FUNCTION = YES;
				GCC_WARN_UNUSED_VARIABLE = YES;
				MACOSX_DEPLOYMENT_TARGET = 10.12;
				MTL_ENABLE_DEBUG_INFO = YES;
				ONLY_ACTIVE_ARCH = YES;
				SDKROOT = macosx;
			};
			name = Debug;
		};
		DA282C8F1F616CBB001B08AF /* Release */ = {
			isa = XCBuildConfiguration;
			buildSettings = {
				ALWAYS_SEARCH_USER_PATHS = NO;
				CLANG_ANALYZER_NONNULL = YES;
				CLANG_ANALYZER_NUMBER_OBJECT_CONVERSION = YES_AGGRESSIVE;
				CLANG_CXX_LANGUAGE_STANDARD = "gnu++14";
				CLANG_CXX_LIBRARY = "libc++";
				CLANG_ENABLE_MODULES = YES;
				CLANG_ENABLE_OBJC_ARC = YES;
				CLANG_WARN_BLOCK_CAPTURE_AUTORELEASING = YES;
				CLANG_WARN_BOOL_CONVERSION = YES;
				CLANG_WARN_COMMA = YES;
				CLANG_WARN_CONSTANT_CONVERSION = YES;
				CLANG_WARN_DIRECT_OBJC_ISA_USAGE = YES_ERROR;
				CLANG_WARN_DOCUMENTATION_COMMENTS = YES;
				CLANG_WARN_EMPTY_BODY = YES;
				CLANG_WARN_ENUM_CONVERSION = YES;
				CLANG_WARN_INFINITE_RECURSION = YES;
				CLANG_WARN_INT_CONVERSION = YES;
				CLANG_WARN_NON_LITERAL_NULL_CONVERSION = YES;
				CLANG_WARN_OBJC_LITERAL_CONVERSION = YES;
				CLANG_WARN_OBJC_ROOT_CLASS = YES_ERROR;
				CLANG_WARN_RANGE_LOOP_ANALYSIS = YES;
				CLANG_WARN_STRICT_PROTOTYPES = YES;
				CLANG_WARN_SUSPICIOUS_MOVE = YES;
				CLANG_WARN_UNGUARDED_AVAILABILITY = YES_AGGRESSIVE;
				CLANG_WARN_UNREACHABLE_CODE = YES;
				CLANG_WARN__DUPLICATE_METHOD_MATCH = YES;
				CODE_SIGN_IDENTITY = "-";
				COPY_PHASE_STRIP = NO;
				DEBUG_INFORMATION_FORMAT = "dwarf-with-dsym";
				ENABLE_NS_ASSERTIONS = NO;
				ENABLE_STRICT_OBJC_MSGSEND = YES;
				GCC_C_LANGUAGE_STANDARD = gnu11;
				GCC_NO_COMMON_BLOCKS = YES;
				GCC_WARN_64_TO_32_BIT_CONVERSION = YES;
				GCC_WARN_ABOUT_RETURN_TYPE = YES_ERROR;
				GCC_WARN_UNDECLARED_SELECTOR = YES;
				GCC_WARN_UNINITIALIZED_AUTOS = YES_AGGRESSIVE;
				GCC_WARN_UNUSED_FUNCTION = YES;
				GCC_WARN_UNUSED_VARIABLE = YES;
				MACOSX_DEPLOYMENT_TARGET = 10.12;
				MTL_ENABLE_DEBUG_INFO = NO;
				SDKROOT = macosx;
			};
			name = Release;
		};
		DA282C911F616CBB001B08AF /* Debug */ = {
			isa = XCBuildConfiguration;
			buildSettings = {
				CODE_SIGN_STYLE = Automatic;
				PRODUCT_NAME = "$(TARGET_NAME)";
			};
			name = Debug;
		};
		DA282C921F616CBB001B08AF /* Release */ = {
			isa = XCBuildConfiguration;
			buildSettings = {
				CODE_SIGN_STYLE = Automatic;
				PRODUCT_NAME = "$(TARGET_NAME)";
			};
			name = Release;
		};
/* End XCBuildConfiguration section */

/* Begin XCConfigurationList section */
		DA282C841F616CBB001B08AF /* Build configuration list for PBXProject "Algorithm-Learn" */ = {
			isa = XCConfigurationList;
			buildConfigurations = (
				DA282C8E1F616CBB001B08AF /* Debug */,
				DA282C8F1F616CBB001B08AF /* Release */,
			);
			defaultConfigurationIsVisible = 0;
			defaultConfigurationName = Release;
		};
		DA282C901F616CBB001B08AF /* Build configuration list for PBXNativeTarget "Algorithm-Learn" */ = {
			isa = XCConfigurationList;
			buildConfigurations = (
				DA282C911F616CBB001B08AF /* Debug */,
				DA282C921F616CBB001B08AF /* Release */,
			);
			defaultConfigurationIsVisible = 0;
			defaultConfigurationName = Release;
		};
/* End XCConfigurationList section */
	};
	rootObject = DA282C811F616CBB001B08AF /* Project object */;
}
